
Microsoft Visual Studio Solution File, Format Version 12.00
# Visual Studio Version 17
VisualStudioVersion = 17.3.32929.385
MinimumVisualStudioVersion = 10.0.40219.1
Project("{9A19103F-16F7-4668-BE54-9A1E7A4F7556}") = "QueriesApp", "QueriesApp\QueriesApp.csproj", "{6E95B426-B504-4F5B-9256-56D744C3A06B}"
EndProject
Project("{9A19103F-16F7-4668-BE54-9A1E7A4F7556}") = "Queries", "Queries\Queries.csproj", "{5D5F79E3-B2EC-4366-9349-9420EA0C2A4C}"
EndProject
Project("{9A19103F-16F7-4668-BE54-9A1E7A4F7556}") = "Tests", "Tests\Tests.csproj", "{CD178F80-522F-4BA7-B40D-524F55293295}"
EndProject
Global
	GlobalSection(SolutionConfigurationPlatforms) = preSolution
		Debug|Any CPU = Debug|Any CPU
		Release|Any CPU = Release|Any CPU
	EndGlobalSection
	GlobalSection(ProjectConfigurationPlatforms) = postSolution
		{6E95B426-B504-4F5B-9256-56D744C3A06B}.Debug|Any CPU.ActiveCfg = Debug|Any CPU
		{6E95B426-B504-4F5B-9256-56D744C3A06B}.Debug|Any CPU.Build.0 = Debug|Any CPU
		{6E95B426-B504-4F5B-9256-56D744C3A06B}.Release|Any CPU.ActiveCfg = Release|Any CPU
		{6E95B426-B504-4F5B-9256-56D744C3A06B}.Release|Any CPU.Build.0 = Release|Any CPU
		{5D5F79E3-B2EC-4366-9349-9420EA0C2A4C}.Debug|Any CPU.ActiveCfg = Debug|Any CPU
		{5D5F79E3-B2EC-4366-9349-9420EA0C2A4C}.Debug|Any CPU.Build.0 = Debug|Any CPU
		{5D5F79E3-B2EC-4366-9349-9420EA0C2A4C}.Release|Any CPU.ActiveCfg = Release|Any CPU
		{5D5F79E3-B2EC-4366-9349-9420EA0C2A4C}.Release|Any CPU.Build.0 = Release|Any CPU
		{CD178F80-522F-4BA7-B40D-524F55293295}.Debug|Any CPU.ActiveCfg = Debug|Any CPU
		{CD178F80-522F-4BA7-B40D-524F55293295}.Debug|Any CPU.Build.0 = Debug|Any CPU
		{CD178F80-522F-4BA7-B40D-524F55293295}.Release|Any CPU.ActiveCfg = Release|Any CPU
		{CD178F80-522F-4BA7-B40D-524F55293295}.Release|Any CPU.Build.0 = Release|Any CPU
	EndGlobalSection
	GlobalSection(SolutionProperties) = preSolution
		HideSolutionNode = FALSE
	EndGlobalSection
	GlobalSection(ExtensibilityGlobals) = postSolution
		SolutionGuid = {B08D71EF-FFDE-4292-9760-EF0E88AC2BA8}
	EndGlobalSection
EndGlobal
