
Microsoft Visual Studio Solution File, Format Version 12.00
# Visual Studio Version 17
VisualStudioVersion = 17.3.32929.385
MinimumVisualStudioVersion = 10.0.40219.1
Project("{9A19103F-16F7-4668-BE54-9A1E7A4F7556}") = "Tests", "..\Tests\Tests.csproj", "{A51D7FD2-EAD8-4883-8E5B-D65ED23318B5}"
EndProject
Project("{9A19103F-16F7-4668-BE54-9A1E7A4F7556}") = "Queries", "..\Queries\Queries.csproj", "{360D33FD-FC56-4BA3-88E6-9FE00E33E6EF}"
EndProject
Global
	GlobalSection(SolutionConfigurationPlatforms) = preSolution
		Debug|Any CPU = Debug|Any CPU
		Release|Any CPU = Release|Any CPU
	EndGlobalSection
	GlobalSection(ProjectConfigurationPlatforms) = postSolution
		{A51D7FD2-EAD8-4883-8E5B-D65ED23318B5}.Debug|Any CPU.ActiveCfg = Debug|Any CPU
		{A51D7FD2-EAD8-4883-8E5B-D65ED23318B5}.Debug|Any CPU.Build.0 = Debug|Any CPU
		{A51D7FD2-EAD8-4883-8E5B-D65ED23318B5}.Release|Any CPU.ActiveCfg = Release|Any CPU
		{A51D7FD2-EAD8-4883-8E5B-D65ED23318B5}.Release|Any CPU.Build.0 = Release|Any CPU
		{360D33FD-FC56-4BA3-88E6-9FE00E33E6EF}.Debug|Any CPU.ActiveCfg = Debug|Any CPU
		{360D33FD-FC56-4BA3-88E6-9FE00E33E6EF}.Debug|Any CPU.Build.0 = Debug|Any CPU
		{360D33FD-FC56-4BA3-88E6-9FE00E33E6EF}.Release|Any CPU.ActiveCfg = Release|Any CPU
		{360D33FD-FC56-4BA3-88E6-9FE00E33E6EF}.Release|Any CPU.Build.0 = Release|Any CPU
	EndGlobalSection
	GlobalSection(SolutionProperties) = preSolution
		HideSolutionNode = FALSE
	EndGlobalSection
	GlobalSection(ExtensibilityGlobals) = postSolution
		SolutionGuid = {9CC619A4-4EA3-4EE2-8C21-7BEA55E16744}
	EndGlobalSection
EndGlobal
